
Microsoft Visual Studio Solution File, Format Version 12.00
# Visual Studio Version 17
VisualStudioVersion = 17.2.32616.157
MinimumVisualStudioVersion = 10.0.40219.1
Project("{FAE04EC0-301F-11D3-BF4B-00C04F79EFBC}") = "Hunter.API", "Hunter.API\Hunter.API.csproj", "{CE634B65-9654-426C-B491-91DB1827F8C0}"
EndProject
Global
	GlobalSection(SolutionConfigurationPlatforms) = preSolution
		Debug|Any CPU = Debug|Any CPU
		Release|Any CPU = Release|Any CPU
	EndGlobalSection
	GlobalSection(ProjectConfigurationPlatforms) = postSolution
		{CE634B65-9654-426C-B491-91DB1827F8C0}.Debug|Any CPU.ActiveCfg = Debug|Any CPU
		{CE634B65-9654-426C-B491-91DB1827F8C0}.Debug|Any CPU.Build.0 = Debug|Any CPU
		{CE634B65-9654-426C-B491-91DB1827F8C0}.Release|Any CPU.ActiveCfg = Release|Any CPU
		{CE634B65-9654-426C-B491-91DB1827F8C0}.Release|Any CPU.Build.0 = Release|Any CPU
	EndGlobalSection
	GlobalSection(SolutionProperties) = preSolution
		HideSolutionNode = FALSE
	EndGlobalSection
	GlobalSection(ExtensibilityGlobals) = postSolution
		SolutionGuid = {20D5ADAB-A97A-4D40-9AC0-C2A7D765A556}
	EndGlobalSection
EndGlobal
